
Microsoft Visual Studio Solution File, Format Version 12.00
# Visual Studio Version 17
VisualStudioVersion = 17.12.35707.178
MinimumVisualStudioVersion = 10.0.40219.1
Project("{FAE04EC0-301F-11D3-BF4B-00C04F79EFBC}") = "RegisterUserIntoCognito", "RegisterUserIntoCognito\RegisterUserIntoCognito.csproj", "{77DC4EA3-4408-455B-89B5-03C81A2BBDBD}"
EndProject
Project("{FAE04EC0-301F-11D3-BF4B-00C04F79EFBC}") = "RegisterUserIntoCognito.Tests", "RegisterUserIntoCognito.Tests\RegisterUserIntoCognito.Tests.csproj", "{CA53BFB9-CC12-434D-900E-F237921BAE73}"
EndProject
Global
	GlobalSection(SolutionConfigurationPlatforms) = preSolution
		Debug|Any CPU = Debug|Any CPU
		Release|Any CPU = Release|Any CPU
	EndGlobalSection
	GlobalSection(ProjectConfigurationPlatforms) = postSolution
		{77DC4EA3-4408-455B-89B5-03C81A2BBDBD}.Debug|Any CPU.ActiveCfg = Debug|Any CPU
		{77DC4EA3-4408-455B-89B5-03C81A2BBDBD}.Debug|Any CPU.Build.0 = Debug|Any CPU
		{77DC4EA3-4408-455B-89B5-03C81A2BBDBD}.Release|Any CPU.ActiveCfg = Release|Any CPU
		{77DC4EA3-4408-455B-89B5-03C81A2BBDBD}.Release|Any CPU.Build.0 = Release|Any CPU
		{CA53BFB9-CC12-434D-900E-F237921BAE73}.Debug|Any CPU.ActiveCfg = Debug|Any CPU
		{CA53BFB9-CC12-434D-900E-F237921BAE73}.Debug|Any CPU.Build.0 = Debug|Any CPU
		{CA53BFB9-CC12-434D-900E-F237921BAE73}.Release|Any CPU.ActiveCfg = Release|Any CPU
		{CA53BFB9-CC12-434D-900E-F237921BAE73}.Release|Any CPU.Build.0 = Release|Any CPU
	EndGlobalSection
	GlobalSection(SolutionProperties) = preSolution
		HideSolutionNode = FALSE
	EndGlobalSection
EndGlobal
